
Microsoft Visual Studio Solution File, Format Version 12.00
# Visual Studio Version 16
VisualStudioVersion = 16.0.30320.27
MinimumVisualStudioVersion = 10.0.40219.1
Project("{8BC9CEB8-8B4A-11D0-8D11-00A0C91BC942}") = "UWPshare", "UWPshare.vcxproj", "{47099894-8A75-45DA-A099-715CA25D6482}"
EndProject
Project("{FAE04EC0-301F-11D3-BF4B-00C04F79EFBC}") = "Hello", "..\Hello\Hello.csproj", "{760E3487-E0E7-43F4-82D0-F20C652D0EF8}"
EndProject
Project("{C7167F0D-BC9F-4E6E-AFE1-012C56B48DB5}") = "UWPPackaging", "..\UWPPackaging\UWPPackaging.wapproj", "{503481F8-8FCB-4232-A915-77427D5BF7C8}"
EndProject
Project("{FAE04EC0-301F-11D3-BF4B-00C04F79EFBC}") = "FullTrust", "..\FullTrust\FullTrust.csproj", "{E28EADDA-D1D4-4763-84DD-CB333847CEBA}"
EndProject
Project("{FAE04EC0-301F-11D3-BF4B-00C04F79EFBC}") = "TPCCompanionClient", "..\TPCCompanionClient\TPCCompanionClient.csproj", "{899EE1F3-5792-4D7C-BA96-6EFBF0C48AEF}"
EndProject
Project("{FAE04EC0-301F-11D3-BF4B-00C04F79EFBC}") = "PipeServer", "..\PipeServer\PipeServer.csproj", "{3FBCF5EA-5EFC-48DE-8A31-96600CB5D199}"
EndProject
Global
	GlobalSection(SolutionConfigurationPlatforms) = preSolution
		Debug|Any CPU = Debug|Any CPU
		Debug|ARM = Debug|ARM
		Debug|ARM64 = Debug|ARM64
		Debug|x64 = Debug|x64
		Debug|x86 = Debug|x86
		Release|Any CPU = Release|Any CPU
		Release|ARM = Release|ARM
		Release|ARM64 = Release|ARM64
		Release|x64 = Release|x64
		Release|x86 = Release|x86
	EndGlobalSection
	GlobalSection(ProjectConfigurationPlatforms) = postSolution
		{47099894-8A75-45DA-A099-715CA25D6482}.Debug|Any CPU.ActiveCfg = Debug|Win32
		{47099894-8A75-45DA-A099-715CA25D6482}.Debug|ARM.ActiveCfg = Debug|ARM
		{47099894-8A75-45DA-A099-715CA25D6482}.Debug|ARM.Build.0 = Debug|ARM
		{47099894-8A75-45DA-A099-715CA25D6482}.Debug|ARM.Deploy.0 = Debug|ARM
		{47099894-8A75-45DA-A099-715CA25D6482}.Debug|ARM64.ActiveCfg = Debug|ARM64
		{47099894-8A75-45DA-A099-715CA25D6482}.Debug|ARM64.Build.0 = Debug|ARM64
		{47099894-8A75-45DA-A099-715CA25D6482}.Debug|ARM64.Deploy.0 = Debug|ARM64
		{47099894-8A75-45DA-A099-715CA25D6482}.Debug|x64.ActiveCfg = Debug|x64
		{47099894-8A75-45DA-A099-715CA25D6482}.Debug|x64.Build.0 = Debug|x64
		{47099894-8A75-45DA-A099-715CA25D6482}.Debug|x64.Deploy.0 = Debug|x64
		{47099894-8A75-45DA-A099-715CA25D6482}.Debug|x86.ActiveCfg = Debug|Win32
		{47099894-8A75-45DA-A099-715CA25D6482}.Debug|x86.Build.0 = Debug|Win32
		{47099894-8A75-45DA-A099-715CA25D6482}.Release|Any CPU.ActiveCfg = Release|Win32
		{47099894-8A75-45DA-A099-715CA25D6482}.Release|ARM.ActiveCfg = Release|ARM
		{47099894-8A75-45DA-A099-715CA25D6482}.Release|ARM.Build.0 = Release|ARM
		{47099894-8A75-45DA-A099-715CA25D6482}.Release|ARM.Deploy.0 = Release|ARM
		{47099894-8A75-45DA-A099-715CA25D6482}.Release|ARM64.ActiveCfg = Release|ARM64
		{47099894-8A75-45DA-A099-715CA25D6482}.Release|ARM64.Build.0 = Release|ARM64
		{47099894-8A75-45DA-A099-715CA25D6482}.Release|ARM64.Deploy.0 = Release|ARM64
		{47099894-8A75-45DA-A099-715CA25D6482}.Release|x64.ActiveCfg = Release|x64
		{47099894-8A75-45DA-A099-715CA25D6482}.Release|x64.Build.0 = Release|x64
		{47099894-8A75-45DA-A099-715CA25D6482}.Release|x64.Deploy.0 = Release|x64
		{47099894-8A75-45DA-A099-715CA25D6482}.Release|x86.ActiveCfg = Release|Win32
		{47099894-8A75-45DA-A099-715CA25D6482}.Release|x86.Build.0 = Release|Win32
		{47099894-8A75-45DA-A099-715CA25D6482}.Release|x86.Deploy.0 = Release|Win32
		{760E3487-E0E7-43F4-82D0-F20C652D0EF8}.Debug|Any CPU.ActiveCfg = Debug|Any CPU
		{760E3487-E0E7-43F4-82D0-F20C652D0EF8}.Debug|Any CPU.Build.0 = Debug|Any CPU
		{760E3487-E0E7-43F4-82D0-F20C652D0EF8}.Debug|ARM.ActiveCfg = Debug|Any CPU
		{760E3487-E0E7-43F4-82D0-F20C652D0EF8}.Debug|ARM.Build.0 = Debug|Any CPU
		{760E3487-E0E7-43F4-82D0-F20C652D0EF8}.Debug|ARM64.ActiveCfg = Debug|Any CPU
		{760E3487-E0E7-43F4-82D0-F20C652D0EF8}.Debug|ARM64.Build.0 = Debug|Any CPU
		{760E3487-E0E7-43F4-82D0-F20C652D0EF8}.Debug|x64.ActiveCfg = Debug|Any CPU
		{760E3487-E0E7-43F4-82D0-F20C652D0EF8}.Debug|x64.Build.0 = Debug|Any CPU
		{760E3487-E0E7-43F4-82D0-F20C652D0EF8}.Debug|x86.ActiveCfg = Debug|Any CPU
		{760E3487-E0E7-43F4-82D0-F20C652D0EF8}.Debug|x86.Build.0 = Debug|Any CPU
		{760E3487-E0E7-43F4-82D0-F20C652D0EF8}.Release|Any CPU.ActiveCfg = Release|Any CPU
		{760E3487-E0E7-43F4-82D0-F20C652D0EF8}.Release|Any CPU.Build.0 = Release|Any CPU
		{760E3487-E0E7-43F4-82D0-F20C652D0EF8}.Release|ARM.ActiveCfg = Release|Any CPU
		{760E3487-E0E7-43F4-82D0-F20C652D0EF8}.Release|ARM.Build.0 = Release|Any CPU
		{760E3487-E0E7-43F4-82D0-F20C652D0EF8}.Release|ARM64.ActiveCfg = Release|Any CPU
		{760E3487-E0E7-43F4-82D0-F20C652D0EF8}.Release|ARM64.Build.0 = Release|Any CPU
		{760E3487-E0E7-43F4-82D0-F20C652D0EF8}.Release|x64.ActiveCfg = Release|Any CPU
		{760E3487-E0E7-43F4-82D0-F20C652D0EF8}.Release|x64.Build.0 = Release|Any CPU
		{760E3487-E0E7-43F4-82D0-F20C652D0EF8}.Release|x86.ActiveCfg = Release|Any CPU
		{760E3487-E0E7-43F4-82D0-F20C652D0EF8}.Release|x86.Build.0 = Release|Any CPU
		{503481F8-8FCB-4232-A915-77427D5BF7C8}.Debug|Any CPU.ActiveCfg = Debug|Any CPU
		{503481F8-8FCB-4232-A915-77427D5BF7C8}.Debug|Any CPU.Build.0 = Debug|Any CPU
		{503481F8-8FCB-4232-A915-77427D5BF7C8}.Debug|Any CPU.Deploy.0 = Debug|Any CPU
		{503481F8-8FCB-4232-A915-77427D5BF7C8}.Debug|ARM.ActiveCfg = Debug|ARM
		{503481F8-8FCB-4232-A915-77427D5BF7C8}.Debug|ARM.Build.0 = Debug|ARM
		{503481F8-8FCB-4232-A915-77427D5BF7C8}.Debug|ARM.Deploy.0 = Debug|ARM
		{503481F8-8FCB-4232-A915-77427D5BF7C8}.Debug|ARM64.ActiveCfg = Debug|ARM64
		{503481F8-8FCB-4232-A915-77427D5BF7C8}.Debug|ARM64.Build.0 = Debug|ARM64
		{503481F8-8FCB-4232-A915-77427D5BF7C8}.Debug|ARM64.Deploy.0 = Debug|ARM64
		{503481F8-8FCB-4232-A915-77427D5BF7C8}.Debug|x64.ActiveCfg = Debug|x64
		{503481F8-8FCB-4232-A915-77427D5BF7C8}.Debug|x64.Build.0 = Debug|x64
		{503481F8-8FCB-4232-A915-77427D5BF7C8}.Debug|x64.Deploy.0 = Debug|x64
		{503481F8-8FCB-4232-A915-77427D5BF7C8}.Debug|x86.ActiveCfg = Debug|x86
		{503481F8-8FCB-4232-A915-77427D5BF7C8}.Debug|x86.Build.0 = Debug|x86
		{503481F8-8FCB-4232-A915-77427D5BF7C8}.Debug|x86.Deploy.0 = Debug|x86
		{503481F8-8FCB-4232-A915-77427D5BF7C8}.Release|Any CPU.ActiveCfg = Release|Any CPU
		{503481F8-8FCB-4232-A915-77427D5BF7C8}.Release|Any CPU.Build.0 = Release|Any CPU
		{503481F8-8FCB-4232-A915-77427D5BF7C8}.Release|Any CPU.Deploy.0 = Release|Any CPU
		{503481F8-8FCB-4232-A915-77427D5BF7C8}.Release|ARM.ActiveCfg = Release|ARM
		{503481F8-8FCB-4232-A915-77427D5BF7C8}.Release|ARM.Build.0 = Release|ARM
		{503481F8-8FCB-4232-A915-77427D5BF7C8}.Release|ARM.Deploy.0 = Release|ARM
		{503481F8-8FCB-4232-A915-77427D5BF7C8}.Release|ARM64.ActiveCfg = Release|ARM64
		{503481F8-8FCB-4232-A915-77427D5BF7C8}.Release|ARM64.Build.0 = Release|ARM64
		{503481F8-8FCB-4232-A915-77427D5BF7C8}.Release|ARM64.Deploy.0 = Release|ARM64
		{503481F8-8FCB-4232-A915-77427D5BF7C8}.Release|x64.ActiveCfg = Release|x64
		{503481F8-8FCB-4232-A915-77427D5BF7C8}.Release|x64.Build.0 = Release|x64
		{503481F8-8FCB-4232-A915-77427D5BF7C8}.Release|x64.Deploy.0 = Release|x64
		{503481F8-8FCB-4232-A915-77427D5BF7C8}.Release|x86.ActiveCfg = Release|x86
		{503481F8-8FCB-4232-A915-77427D5BF7C8}.Release|x86.Build.0 = Release|x86
		{503481F8-8FCB-4232-A915-77427D5BF7C8}.Release|x86.Deploy.0 = Release|x86
		{E28EADDA-D1D4-4763-84DD-CB333847CEBA}.Debug|Any CPU.ActiveCfg = Debug|Any CPU
		{E28EADDA-D1D4-4763-84DD-CB333847CEBA}.Debug|Any CPU.Build.0 = Debug|Any CPU
		{E28EADDA-D1D4-4763-84DD-CB333847CEBA}.Debug|ARM.ActiveCfg = Debug|Any CPU
		{E28EADDA-D1D4-4763-84DD-CB333847CEBA}.Debug|ARM.Build.0 = Debug|Any CPU
		{E28EADDA-D1D4-4763-84DD-CB333847CEBA}.Debug|ARM64.ActiveCfg = Debug|Any CPU
		{E28EADDA-D1D4-4763-84DD-CB333847CEBA}.Debug|ARM64.Build.0 = Debug|Any CPU
		{E28EADDA-D1D4-4763-84DD-CB333847CEBA}.Debug|x64.ActiveCfg = Debug|Any CPU
		{E28EADDA-D1D4-4763-84DD-CB333847CEBA}.Debug|x64.Build.0 = Debug|Any CPU
		{E28EADDA-D1D4-4763-84DD-CB333847CEBA}.Debug|x86.ActiveCfg = Debug|Any CPU
		{E28EADDA-D1D4-4763-84DD-CB333847CEBA}.Debug|x86.Build.0 = Debug|Any CPU
		{E28EADDA-D1D4-4763-84DD-CB333847CEBA}.Release|Any CPU.ActiveCfg = Release|Any CPU
		{E28EADDA-D1D4-4763-84DD-CB333847CEBA}.Release|Any CPU.Build.0 = Release|Any CPU
		{E28EADDA-D1D4-4763-84DD-CB333847CEBA}.Release|ARM.ActiveCfg = Release|Any CPU
		{E28EADDA-D1D4-4763-84DD-CB333847CEBA}.Release|ARM.Build.0 = Release|Any CPU
		{E28EADDA-D1D4-4763-84DD-CB333847CEBA}.Release|ARM64.ActiveCfg = Release|Any CPU
		{E28EADDA-D1D4-4763-84DD-CB333847CEBA}.Release|ARM64.Build.0 = Release|Any CPU
		{E28EADDA-D1D4-4763-84DD-CB333847CEBA}.Release|x64.ActiveCfg = Release|Any CPU
		{E28EADDA-D1D4-4763-84DD-CB333847CEBA}.Release|x64.Build.0 = Release|Any CPU
		{E28EADDA-D1D4-4763-84DD-CB333847CEBA}.Release|x86.ActiveCfg = Release|Any CPU
		{E28EADDA-D1D4-4763-84DD-CB333847CEBA}.Release|x86.Build.0 = Release|Any CPU
		{899EE1F3-5792-4D7C-BA96-6EFBF0C48AEF}.Debug|Any CPU.ActiveCfg = Debug|Any CPU
		{899EE1F3-5792-4D7C-BA96-6EFBF0C48AEF}.Debug|Any CPU.Build.0 = Debug|Any CPU
		{899EE1F3-5792-4D7C-BA96-6EFBF0C48AEF}.Debug|ARM.ActiveCfg = Debug|Any CPU
		{899EE1F3-5792-4D7C-BA96-6EFBF0C48AEF}.Debug|ARM.Build.0 = Debug|Any CPU
		{899EE1F3-5792-4D7C-BA96-6EFBF0C48AEF}.Debug|ARM64.ActiveCfg = Debug|Any CPU
		{899EE1F3-5792-4D7C-BA96-6EFBF0C48AEF}.Debug|ARM64.Build.0 = Debug|Any CPU
		{899EE1F3-5792-4D7C-BA96-6EFBF0C48AEF}.Debug|x64.ActiveCfg = Debug|Any CPU
		{899EE1F3-5792-4D7C-BA96-6EFBF0C48AEF}.Debug|x64.Build.0 = Debug|Any CPU
		{899EE1F3-5792-4D7C-BA96-6EFBF0C48AEF}.Debug|x86.ActiveCfg = Debug|Any CPU
		{899EE1F3-5792-4D7C-BA96-6EFBF0C48AEF}.Debug|x86.Build.0 = Debug|Any CPU
		{899EE1F3-5792-4D7C-BA96-6EFBF0C48AEF}.Release|Any CPU.ActiveCfg = Release|Any CPU
		{899EE1F3-5792-4D7C-BA96-6EFBF0C48AEF}.Release|Any CPU.Build.0 = Release|Any CPU
		{899EE1F3-5792-4D7C-BA96-6EFBF0C48AEF}.Release|ARM.ActiveCfg = Release|Any CPU
		{899EE1F3-5792-4D7C-BA96-6EFBF0C48AEF}.Release|ARM.Build.0 = Release|Any CPU
		{899EE1F3-5792-4D7C-BA96-6EFBF0C48AEF}.Release|ARM64.ActiveCfg = Release|Any CPU
		{899EE1F3-5792-4D7C-BA96-6EFBF0C48AEF}.Release|ARM64.Build.0 = Release|Any CPU
		{899EE1F3-5792-4D7C-BA96-6EFBF0C48AEF}.Release|x64.ActiveCfg = Release|Any CPU
		{899EE1F3-5792-4D7C-BA96-6EFBF0C48AEF}.Release|x64.Build.0 = Release|Any CPU
		{899EE1F3-5792-4D7C-BA96-6EFBF0C48AEF}.Release|x86.ActiveCfg = Release|Any CPU
		{899EE1F3-5792-4D7C-BA96-6EFBF0C48AEF}.Release|x86.Build.0 = Release|Any CPU
		{3FBCF5EA-5EFC-48DE-8A31-96600CB5D199}.Debug|Any CPU.ActiveCfg = Debug|Any CPU
		{3FBCF5EA-5EFC-48DE-8A31-96600CB5D199}.Debug|Any CPU.Build.0 = Debug|Any CPU
		{3FBCF5EA-5EFC-48DE-8A31-96600CB5D199}.Debug|ARM.ActiveCfg = Debug|Any CPU
		{3FBCF5EA-5EFC-48DE-8A31-96600CB5D199}.Debug|ARM.Build.0 = Debug|Any CPU
		{3FBCF5EA-5EFC-48DE-8A31-96600CB5D199}.Debug|ARM64.ActiveCfg = Debug|Any CPU
		{3FBCF5EA-5EFC-48DE-8A31-96600CB5D199}.Debug|ARM64.Build.0 = Debug|Any CPU
		{3FBCF5EA-5EFC-48DE-8A31-96600CB5D199}.Debug|x64.ActiveCfg = Debug|Any CPU
		{3FBCF5EA-5EFC-48DE-8A31-96600CB5D199}.Debug|x64.Build.0 = Debug|Any CPU
		{3FBCF5EA-5EFC-48DE-8A31-96600CB5D199}.Debug|x86.ActiveCfg = Debug|Any CPU
		{3FBCF5EA-5EFC-48DE-8A31-96600CB5D199}.Debug|x86.Build.0 = Debug|Any CPU
		{3FBCF5EA-5EFC-48DE-8A31-96600CB5D199}.Release|Any CPU.ActiveCfg = Release|Any CPU
		{3FBCF5EA-5EFC-48DE-8A31-96600CB5D199}.Release|Any CPU.Build.0 = Release|Any CPU
		{3FBCF5EA-5EFC-48DE-8A31-96600CB5D199}.Release|ARM.ActiveCfg = Release|Any CPU
		{3FBCF5EA-5EFC-48DE-8A31-96600CB5D199}.Release|ARM.Build.0 = Release|Any CPU
		{3FBCF5EA-5EFC-48DE-8A31-96600CB5D199}.Release|ARM64.ActiveCfg = Release|Any CPU
		{3FBCF5EA-5EFC-48DE-8A31-96600CB5D199}.Release|ARM64.Build.0 = Release|Any CPU
		{3FBCF5EA-5EFC-48DE-8A31-96600CB5D199}.Release|x64.ActiveCfg = Release|Any CPU
		{3FBCF5EA-5EFC-48DE-8A31-96600CB5D199}.Release|x64.Build.0 = Release|Any CPU
		{3FBCF5EA-5EFC-48DE-8A31-96600CB5D199}.Release|x86.ActiveCfg = Release|Any CPU
		{3FBCF5EA-5EFC-48DE-8A31-96600CB5D199}.Release|x86.Build.0 = Release|Any CPU
	EndGlobalSection
	GlobalSection(SolutionProperties) = preSolution
		HideSolutionNode = FALSE
	EndGlobalSection
	GlobalSection(ExtensibilityGlobals) = postSolution
		SolutionGuid = {EAABF1AB-C03F-49A0-97EF-F08773119398}
	EndGlobalSection
EndGlobal
